
Microsoft Visual Studio Solution File, Format Version 12.00
# Visual Studio Version 17
VisualStudioVersion = 17.5.33424.131
MinimumVisualStudioVersion = 10.0.40219.1
Project("{9A19103F-16F7-4668-BE54-9A1E7A4F7556}") = "Practivejwt", "Practivejwt\Practivejwt.csproj", "{0BF82957-4FCD-4804-9F99-1727DC303368}"
EndProject
Project("{9A19103F-16F7-4668-BE54-9A1E7A4F7556}") = "Models", "WinFormsApp2\Models.csproj", "{BA28C076-9301-46A0-B8DD-A7770BA4AEB4}"
EndProject
Global
	GlobalSection(SolutionConfigurationPlatforms) = preSolution
		Debug|Any CPU = Debug|Any CPU
		Release|Any CPU = Release|Any CPU
	EndGlobalSection
	GlobalSection(ProjectConfigurationPlatforms) = postSolution
		{0BF82957-4FCD-4804-9F99-1727DC303368}.Debug|Any CPU.ActiveCfg = Debug|Any CPU
		{0BF82957-4FCD-4804-9F99-1727DC303368}.Debug|Any CPU.Build.0 = Debug|Any CPU
		{0BF82957-4FCD-4804-9F99-1727DC303368}.Release|Any CPU.ActiveCfg = Release|Any CPU
		{0BF82957-4FCD-4804-9F99-1727DC303368}.Release|Any CPU.Build.0 = Release|Any CPU
		{BA28C076-9301-46A0-B8DD-A7770BA4AEB4}.Debug|Any CPU.ActiveCfg = Debug|Any CPU
		{BA28C076-9301-46A0-B8DD-A7770BA4AEB4}.Debug|Any CPU.Build.0 = Debug|Any CPU
		{BA28C076-9301-46A0-B8DD-A7770BA4AEB4}.Release|Any CPU.ActiveCfg = Release|Any CPU
		{BA28C076-9301-46A0-B8DD-A7770BA4AEB4}.Release|Any CPU.Build.0 = Release|Any CPU
	EndGlobalSection
	GlobalSection(SolutionProperties) = preSolution
		HideSolutionNode = FALSE
	EndGlobalSection
	GlobalSection(ExtensibilityGlobals) = postSolution
		SolutionGuid = {E0FD6DB5-19B2-4EE4-9198-24E79D1D653B}
	EndGlobalSection
EndGlobal
